
Microsoft Visual Studio Solution File, Format Version 12.00
# Visual Studio Version 17
VisualStudioVersion = 17.9.34728.123
MinimumVisualStudioVersion = 10.0.40219.1
Project("{9A19103F-16F7-4668-BE54-9A1E7A4F7556}") = "CompressionSharp.Core", "src\CompressionSharp.Core\CompressionSharp.Core.csproj", "{87A46FAA-0512-4DCF-9369-37319C46561E}"
EndProject
Project("{9A19103F-16F7-4668-BE54-9A1E7A4F7556}") = "CompressionSharp.Core.Tests", "test\CompressionSharp.Core.Tests\CompressionSharp.Core.Tests.csproj", "{61A8DD3B-3D23-4F68-B650-257C06E05B47}"
EndProject
Project("{9A19103F-16F7-4668-BE54-9A1E7A4F7556}") = "CompressionSharp.Benchmarks", "benchmarks\CompressionSharp.Benchmarks\CompressionSharp.Benchmarks.csproj", "{F332BB04-D040-4B94-A69D-117095963784}"
EndProject
Global
	GlobalSection(SolutionConfigurationPlatforms) = preSolution
		Debug|Any CPU = Debug|Any CPU
		Release|Any CPU = Release|Any CPU
	EndGlobalSection
	GlobalSection(ProjectConfigurationPlatforms) = postSolution
		{87A46FAA-0512-4DCF-9369-37319C46561E}.Debug|Any CPU.ActiveCfg = Debug|Any CPU
		{87A46FAA-0512-4DCF-9369-37319C46561E}.Debug|Any CPU.Build.0 = Debug|Any CPU
		{87A46FAA-0512-4DCF-9369-37319C46561E}.Release|Any CPU.ActiveCfg = Release|Any CPU
		{87A46FAA-0512-4DCF-9369-37319C46561E}.Release|Any CPU.Build.0 = Release|Any CPU
		{61A8DD3B-3D23-4F68-B650-257C06E05B47}.Debug|Any CPU.ActiveCfg = Debug|Any CPU
		{61A8DD3B-3D23-4F68-B650-257C06E05B47}.Debug|Any CPU.Build.0 = Debug|Any CPU
		{61A8DD3B-3D23-4F68-B650-257C06E05B47}.Release|Any CPU.ActiveCfg = Release|Any CPU
		{61A8DD3B-3D23-4F68-B650-257C06E05B47}.Release|Any CPU.Build.0 = Release|Any CPU
		{F332BB04-D040-4B94-A69D-117095963784}.Debug|Any CPU.ActiveCfg = Debug|Any CPU
		{F332BB04-D040-4B94-A69D-117095963784}.Debug|Any CPU.Build.0 = Debug|Any CPU
		{F332BB04-D040-4B94-A69D-117095963784}.Release|Any CPU.ActiveCfg = Release|Any CPU
		{F332BB04-D040-4B94-A69D-117095963784}.Release|Any CPU.Build.0 = Release|Any CPU
	EndGlobalSection
	GlobalSection(SolutionProperties) = preSolution
		HideSolutionNode = FALSE
	EndGlobalSection
	GlobalSection(ExtensibilityGlobals) = postSolution
		SolutionGuid = {26627C66-198F-4ABE-ADAE-1DB4EAFD85D0}
	EndGlobalSection
EndGlobal
